
Microsoft Visual Studio Solution File, Format Version 12.00
# Visual Studio 15
VisualStudioVersion = 15.0.26430.16
MinimumVisualStudioVersion = 10.0.40219.1
Project("{FAE04EC0-301F-11D3-BF4B-00C04F79EFBC}") = "prismControlToViewModel", "prismControlToViewModel\prismControlToViewModel\prismControlToViewModel.csproj", "{74772BB2-F162-46E3-BF2E-0B817953290A}"
EndProject
Project("{FAE04EC0-301F-11D3-BF4B-00C04F79EFBC}") = "prismControlToViewModel.Droid", "prismControlToViewModel\prismControlToViewModel.Droid\prismControlToViewModel.Droid.csproj", "{8ACBDE37-D3B0-4126-A105-BE721CF421C7}"
EndProject
Project("{FAE04EC0-301F-11D3-BF4B-00C04F79EFBC}") = "prismControlToViewModel.iOS", "prismControlToViewModel\prismControlToViewModel.iOS\prismControlToViewModel.iOS.csproj", "{0BE04C97-386C-455F-9591-BD01CD91075C}"
EndProject
Project("{FAE04EC0-301F-11D3-BF4B-00C04F79EFBC}") = "prismControlToViewModel.UWP", "prismControlToViewModel\prismControlToViewModel.UWP\prismControlToViewModel.UWP.csproj", "{AA6F6F9E-EEA8-4D78-B3D6-AB06A3617F30}"
EndProject
Project("{2150E333-8FDC-42A3-9474-1A3956D46DE8}") = "Solution Items", "Solution Items", "{7D5BA4D1-23B0-4AAC-AC84-E634C255A98F}"
	ProjectSection(SolutionItems) = preProject
		.editorconfig = .editorconfig
	EndProjectSection
EndProject
Global
	GlobalSection(SolutionConfigurationPlatforms) = preSolution
		Ad-Hoc|Any CPU = Ad-Hoc|Any CPU
		Ad-Hoc|ARM = Ad-Hoc|ARM
		Ad-Hoc|iPhone = Ad-Hoc|iPhone
		Ad-Hoc|iPhoneSimulator = Ad-Hoc|iPhoneSimulator
		Ad-Hoc|x64 = Ad-Hoc|x64
		Ad-Hoc|x86 = Ad-Hoc|x86
		AppStore|Any CPU = AppStore|Any CPU
		AppStore|ARM = AppStore|ARM
		AppStore|iPhone = AppStore|iPhone
		AppStore|iPhoneSimulator = AppStore|iPhoneSimulator
		AppStore|x64 = AppStore|x64
		AppStore|x86 = AppStore|x86
		Debug|Any CPU = Debug|Any CPU
		Debug|ARM = Debug|ARM
		Debug|iPhone = Debug|iPhone
		Debug|iPhoneSimulator = Debug|iPhoneSimulator
		Debug|x64 = Debug|x64
		Debug|x86 = Debug|x86
		Release|Any CPU = Release|Any CPU
		Release|ARM = Release|ARM
		Release|iPhone = Release|iPhone
		Release|iPhoneSimulator = Release|iPhoneSimulator
		Release|x64 = Release|x64
		Release|x86 = Release|x86
	EndGlobalSection
	GlobalSection(ProjectConfigurationPlatforms) = postSolution
		{74772BB2-F162-46E3-BF2E-0B817953290A}.Ad-Hoc|Any CPU.ActiveCfg = Release|Any CPU
		{74772BB2-F162-46E3-BF2E-0B817953290A}.Ad-Hoc|Any CPU.Build.0 = Release|Any CPU
		{74772BB2-F162-46E3-BF2E-0B817953290A}.Ad-Hoc|ARM.ActiveCfg = Release|Any CPU
		{74772BB2-F162-46E3-BF2E-0B817953290A}.Ad-Hoc|ARM.Build.0 = Release|Any CPU
		{74772BB2-F162-46E3-BF2E-0B817953290A}.Ad-Hoc|iPhone.ActiveCfg = Release|Any CPU
		{74772BB2-F162-46E3-BF2E-0B817953290A}.Ad-Hoc|iPhone.Build.0 = Release|Any CPU
		{74772BB2-F162-46E3-BF2E-0B817953290A}.Ad-Hoc|iPhoneSimulator.ActiveCfg = Release|Any CPU
		{74772BB2-F162-46E3-BF2E-0B817953290A}.Ad-Hoc|iPhoneSimulator.Build.0 = Release|Any CPU
		{74772BB2-F162-46E3-BF2E-0B817953290A}.Ad-Hoc|x64.ActiveCfg = Release|Any CPU
		{74772BB2-F162-46E3-BF2E-0B817953290A}.Ad-Hoc|x64.Build.0 = Release|Any CPU
		{74772BB2-F162-46E3-BF2E-0B817953290A}.Ad-Hoc|x86.ActiveCfg = Release|Any CPU
		{74772BB2-F162-46E3-BF2E-0B817953290A}.Ad-Hoc|x86.Build.0 = Release|Any CPU
		{74772BB2-F162-46E3-BF2E-0B817953290A}.AppStore|Any CPU.ActiveCfg = Release|Any CPU
		{74772BB2-F162-46E3-BF2E-0B817953290A}.AppStore|Any CPU.Build.0 = Release|Any CPU
		{74772BB2-F162-46E3-BF2E-0B817953290A}.AppStore|ARM.ActiveCfg = Release|Any CPU
		{74772BB2-F162-46E3-BF2E-0B817953290A}.AppStore|ARM.Build.0 = Release|Any CPU
		{74772BB2-F162-46E3-BF2E-0B817953290A}.AppStore|iPhone.ActiveCfg = Release|Any CPU
		{74772BB2-F162-46E3-BF2E-0B817953290A}.AppStore|iPhone.Build.0 = Release|Any CPU
		{74772BB2-F162-46E3-BF2E-0B817953290A}.AppStore|iPhoneSimulator.ActiveCfg = Release|Any CPU
		{74772BB2-F162-46E3-BF2E-0B817953290A}.AppStore|iPhoneSimulator.Build.0 = Release|Any CPU
		{74772BB2-F162-46E3-BF2E-0B817953290A}.AppStore|x64.ActiveCfg = Release|Any CPU
		{74772BB2-F162-46E3-BF2E-0B817953290A}.AppStore|x64.Build.0 = Release|Any CPU
		{74772BB2-F162-46E3-BF2E-0B817953290A}.AppStore|x86.ActiveCfg = Release|Any CPU
		{74772BB2-F162-46E3-BF2E-0B817953290A}.AppStore|x86.Build.0 = Release|Any CPU
		{74772BB2-F162-46E3-BF2E-0B817953290A}.Debug|Any CPU.ActiveCfg = Debug|Any CPU
		{74772BB2-F162-46E3-BF2E-0B817953290A}.Debug|Any CPU.Build.0 = Debug|Any CPU
		{74772BB2-F162-46E3-BF2E-0B817953290A}.Debug|ARM.ActiveCfg = Debug|Any CPU
		{74772BB2-F162-46E3-BF2E-0B817953290A}.Debug|ARM.Build.0 = Debug|Any CPU
		{74772BB2-F162-46E3-BF2E-0B817953290A}.Debug|iPhone.ActiveCfg = Debug|Any CPU
		{74772BB2-F162-46E3-BF2E-0B817953290A}.Debug|iPhone.Build.0 = Debug|Any CPU
		{74772BB2-F162-46E3-BF2E-0B817953290A}.Debug|iPhoneSimulator.ActiveCfg = Debug|Any CPU
		{74772BB2-F162-46E3-BF2E-0B817953290A}.Debug|iPhoneSimulator.Build.0 = Debug|Any CPU
		{74772BB2-F162-46E3-BF2E-0B817953290A}.Debug|x64.ActiveCfg = Debug|Any CPU
		{74772BB2-F162-46E3-BF2E-0B817953290A}.Debug|x64.Build.0 = Debug|Any CPU
		{74772BB2-F162-46E3-BF2E-0B817953290A}.Debug|x86.ActiveCfg = Debug|Any CPU
		{74772BB2-F162-46E3-BF2E-0B817953290A}.Debug|x86.Build.0 = Debug|Any CPU
		{74772BB2-F162-46E3-BF2E-0B817953290A}.Release|Any CPU.ActiveCfg = Release|Any CPU
		{74772BB2-F162-46E3-BF2E-0B817953290A}.Release|Any CPU.Build.0 = Release|Any CPU
		{74772BB2-F162-46E3-BF2E-0B817953290A}.Release|ARM.ActiveCfg = Release|Any CPU
		{74772BB2-F162-46E3-BF2E-0B817953290A}.Release|ARM.Build.0 = Release|Any CPU
		{74772BB2-F162-46E3-BF2E-0B817953290A}.Release|iPhone.ActiveCfg = Release|Any CPU
		{74772BB2-F162-46E3-BF2E-0B817953290A}.Release|iPhone.Build.0 = Release|Any CPU
		{74772BB2-F162-46E3-BF2E-0B817953290A}.Release|iPhoneSimulator.ActiveCfg = Release|Any CPU
		{74772BB2-F162-46E3-BF2E-0B817953290A}.Release|iPhoneSimulator.Build.0 = Release|Any CPU
		{74772BB2-F162-46E3-BF2E-0B817953290A}.Release|x64.ActiveCfg = Release|Any CPU
		{74772BB2-F162-46E3-BF2E-0B817953290A}.Release|x64.Build.0 = Release|Any CPU
		{74772BB2-F162-46E3-BF2E-0B817953290A}.Release|x86.ActiveCfg = Release|Any CPU
		{74772BB2-F162-46E3-BF2E-0B817953290A}.Release|x86.Build.0 = Release|Any CPU
		{8ACBDE37-D3B0-4126-A105-BE721CF421C7}.Ad-Hoc|Any CPU.ActiveCfg = Release|Any CPU
		{8ACBDE37-D3B0-4126-A105-BE721CF421C7}.Ad-Hoc|Any CPU.Build.0 = Release|Any CPU
		{8ACBDE37-D3B0-4126-A105-BE721CF421C7}.Ad-Hoc|Any CPU.Deploy.0 = Release|Any CPU
		{8ACBDE37-D3B0-4126-A105-BE721CF421C7}.Ad-Hoc|ARM.ActiveCfg = Release|Any CPU
		{8ACBDE37-D3B0-4126-A105-BE721CF421C7}.Ad-Hoc|ARM.Build.0 = Release|Any CPU
		{8ACBDE37-D3B0-4126-A105-BE721CF421C7}.Ad-Hoc|ARM.Deploy.0 = Release|Any CPU
		{8ACBDE37-D3B0-4126-A105-BE721CF421C7}.Ad-Hoc|iPhone.ActiveCfg = Release|Any CPU
		{8ACBDE37-D3B0-4126-A105-BE721CF421C7}.Ad-Hoc|iPhone.Build.0 = Release|Any CPU
		{8ACBDE37-D3B0-4126-A105-BE721CF421C7}.Ad-Hoc|iPhone.Deploy.0 = Release|Any CPU
		{8ACBDE37-D3B0-4126-A105-BE721CF421C7}.Ad-Hoc|iPhoneSimulator.ActiveCfg = Release|Any CPU
		{8ACBDE37-D3B0-4126-A105-BE721CF421C7}.Ad-Hoc|iPhoneSimulator.Build.0 = Release|Any CPU
		{8ACBDE37-D3B0-4126-A105-BE721CF421C7}.Ad-Hoc|iPhoneSimulator.Deploy.0 = Release|Any CPU
		{8ACBDE37-D3B0-4126-A105-BE721CF421C7}.Ad-Hoc|x64.ActiveCfg = Release|Any CPU
		{8ACBDE37-D3B0-4126-A105-BE721CF421C7}.Ad-Hoc|x64.Build.0 = Release|Any CPU
		{8ACBDE37-D3B0-4126-A105-BE721CF421C7}.Ad-Hoc|x64.Deploy.0 = Release|Any CPU
		{8ACBDE37-D3B0-4126-A105-BE721CF421C7}.Ad-Hoc|x86.ActiveCfg = Release|Any CPU
		{8ACBDE37-D3B0-4126-A105-BE721CF421C7}.Ad-Hoc|x86.Build.0 = Release|Any CPU
		{8ACBDE37-D3B0-4126-A105-BE721CF421C7}.Ad-Hoc|x86.Deploy.0 = Release|Any CPU
		{8ACBDE37-D3B0-4126-A105-BE721CF421C7}.AppStore|Any CPU.ActiveCfg = Release|Any CPU
		{8ACBDE37-D3B0-4126-A105-BE721CF421C7}.AppStore|Any CPU.Build.0 = Release|Any CPU
		{8ACBDE37-D3B0-4126-A105-BE721CF421C7}.AppStore|Any CPU.Deploy.0 = Release|Any CPU
		{8ACBDE37-D3B0-4126-A105-BE721CF421C7}.AppStore|ARM.ActiveCfg = Release|Any CPU
		{8ACBDE37-D3B0-4126-A105-BE721CF421C7}.AppStore|ARM.Build.0 = Release|Any CPU
		{8ACBDE37-D3B0-4126-A105-BE721CF421C7}.AppStore|ARM.Deploy.0 = Release|Any CPU
		{8ACBDE37-D3B0-4126-A105-BE721CF421C7}.AppStore|iPhone.ActiveCfg = Release|Any CPU
		{8ACBDE37-D3B0-4126-A105-BE721CF421C7}.AppStore|iPhone.Build.0 = Release|Any CPU
		{8ACBDE37-D3B0-4126-A105-BE721CF421C7}.AppStore|iPhone.Deploy.0 = Release|Any CPU
		{8ACBDE37-D3B0-4126-A105-BE721CF421C7}.AppStore|iPhoneSimulator.ActiveCfg = Release|Any CPU
		{8ACBDE37-D3B0-4126-A105-BE721CF421C7}.AppStore|iPhoneSimulator.Build.0 = Release|Any CPU
		{8ACBDE37-D3B0-4126-A105-BE721CF421C7}.AppStore|iPhoneSimulator.Deploy.0 = Release|Any CPU
		{8ACBDE37-D3B0-4126-A105-BE721CF421C7}.AppStore|x64.ActiveCfg = Release|Any CPU
		{8ACBDE37-D3B0-4126-A105-BE721CF421C7}.AppStore|x64.Build.0 = Release|Any CPU
		{8ACBDE37-D3B0-4126-A105-BE721CF421C7}.AppStore|x64.Deploy.0 = Release|Any CPU
		{8ACBDE37-D3B0-4126-A105-BE721CF421C7}.AppStore|x86.ActiveCfg = Release|Any CPU
		{8ACBDE37-D3B0-4126-A105-BE721CF421C7}.AppStore|x86.Build.0 = Release|Any CPU
		{8ACBDE37-D3B0-4126-A105-BE721CF421C7}.AppStore|x86.Deploy.0 = Release|Any CPU
		{8ACBDE37-D3B0-4126-A105-BE721CF421C7}.Debug|Any CPU.ActiveCfg = Debug|Any CPU
		{8ACBDE37-D3B0-4126-A105-BE721CF421C7}.Debug|Any CPU.Build.0 = Debug|Any CPU
		{8ACBDE37-D3B0-4126-A105-BE721CF421C7}.Debug|Any CPU.Deploy.0 = Debug|Any CPU
		{8ACBDE37-D3B0-4126-A105-BE721CF421C7}.Debug|ARM.ActiveCfg = Debug|Any CPU
		{8ACBDE37-D3B0-4126-A105-BE721CF421C7}.Debug|ARM.Build.0 = Debug|Any CPU
		{8ACBDE37-D3B0-4126-A105-BE721CF421C7}.Debug|ARM.Deploy.0 = Debug|Any CPU
		{8ACBDE37-D3B0-4126-A105-BE721CF421C7}.Debug|iPhone.ActiveCfg = Debug|Any CPU
		{8ACBDE37-D3B0-4126-A105-BE721CF421C7}.Debug|iPhone.Build.0 = Debug|Any CPU
		{8ACBDE37-D3B0-4126-A105-BE721CF421C7}.Debug|iPhone.Deploy.0 = Debug|Any CPU
		{8ACBDE37-D3B0-4126-A105-BE721CF421C7}.Debug|iPhoneSimulator.ActiveCfg = Debug|Any CPU
		{8ACBDE37-D3B0-4126-A105-BE721CF421C7}.Debug|iPhoneSimulator.Build.0 = Debug|Any CPU
		{8ACBDE37-D3B0-4126-A105-BE721CF421C7}.Debug|iPhoneSimulator.Deploy.0 = Debug|Any CPU
		{8ACBDE37-D3B0-4126-A105-BE721CF421C7}.Debug|x64.ActiveCfg = Debug|Any CPU
		{8ACBDE37-D3B0-4126-A105-BE721CF421C7}.Debug|x64.Build.0 = Debug|Any CPU
		{8ACBDE37-D3B0-4126-A105-BE721CF421C7}.Debug|x64.Deploy.0 = Debug|Any CPU
		{8ACBDE37-D3B0-4126-A105-BE721CF421C7}.Debug|x86.ActiveCfg = Debug|Any CPU
		{8ACBDE37-D3B0-4126-A105-BE721CF421C7}.Debug|x86.Build.0 = Debug|Any CPU
		{8ACBDE37-D3B0-4126-A105-BE721CF421C7}.Debug|x86.Deploy.0 = Debug|Any CPU
		{8ACBDE37-D3B0-4126-A105-BE721CF421C7}.Release|Any CPU.ActiveCfg = Release|Any CPU
		{8ACBDE37-D3B0-4126-A105-BE721CF421C7}.Release|Any CPU.Build.0 = Release|Any CPU
		{8ACBDE37-D3B0-4126-A105-BE721CF421C7}.Release|Any CPU.Deploy.0 = Release|Any CPU
		{8ACBDE37-D3B0-4126-A105-BE721CF421C7}.Release|ARM.ActiveCfg = Release|Any CPU
		{8ACBDE37-D3B0-4126-A105-BE721CF421C7}.Release|ARM.Build.0 = Release|Any CPU
		{8ACBDE37-D3B0-4126-A105-BE721CF421C7}.Release|ARM.Deploy.0 = Release|Any CPU
		{8ACBDE37-D3B0-4126-A105-BE721CF421C7}.Release|iPhone.ActiveCfg = Release|Any CPU
		{8ACBDE37-D3B0-4126-A105-BE721CF421C7}.Release|iPhone.Build.0 = Release|Any CPU
		{8ACBDE37-D3B0-4126-A105-BE721CF421C7}.Release|iPhone.Deploy.0 = Release|Any CPU
		{8ACBDE37-D3B0-4126-A105-BE721CF421C7}.Release|iPhoneSimulator.ActiveCfg = Release|Any CPU
		{8ACBDE37-D3B0-4126-A105-BE721CF421C7}.Release|iPhoneSimulator.Build.0 = Release|Any CPU
		{8ACBDE37-D3B0-4126-A105-BE721CF421C7}.Release|iPhoneSimulator.Deploy.0 = Release|Any CPU
		{8ACBDE37-D3B0-4126-A105-BE721CF421C7}.Release|x64.ActiveCfg = Release|Any CPU
		{8ACBDE37-D3B0-4126-A105-BE721CF421C7}.Release|x64.Build.0 = Release|Any CPU
		{8ACBDE37-D3B0-4126-A105-BE721CF421C7}.Release|x64.Deploy.0 = Release|Any CPU
		{8ACBDE37-D3B0-4126-A105-BE721CF421C7}.Release|x86.ActiveCfg = Release|Any CPU
		{8ACBDE37-D3B0-4126-A105-BE721CF421C7}.Release|x86.Build.0 = Release|Any CPU
		{8ACBDE37-D3B0-4126-A105-BE721CF421C7}.Release|x86.Deploy.0 = Release|Any CPU
		{0BE04C97-386C-455F-9591-BD01CD91075C}.Ad-Hoc|Any CPU.ActiveCfg = Ad-Hoc|iPhone
		{0BE04C97-386C-455F-9591-BD01CD91075C}.Ad-Hoc|ARM.ActiveCfg = Ad-Hoc|iPhone
		{0BE04C97-386C-455F-9591-BD01CD91075C}.Ad-Hoc|iPhone.ActiveCfg = Ad-Hoc|iPhone
		{0BE04C97-386C-455F-9591-BD01CD91075C}.Ad-Hoc|iPhone.Build.0 = Ad-Hoc|iPhone
		{0BE04C97-386C-455F-9591-BD01CD91075C}.Ad-Hoc|iPhoneSimulator.ActiveCfg = Ad-Hoc|iPhoneSimulator
		{0BE04C97-386C-455F-9591-BD01CD91075C}.Ad-Hoc|iPhoneSimulator.Build.0 = Ad-Hoc|iPhoneSimulator
		{0BE04C97-386C-455F-9591-BD01CD91075C}.Ad-Hoc|x64.ActiveCfg = Ad-Hoc|iPhone
		{0BE04C97-386C-455F-9591-BD01CD91075C}.Ad-Hoc|x86.ActiveCfg = Ad-Hoc|iPhone
		{0BE04C97-386C-455F-9591-BD01CD91075C}.AppStore|Any CPU.ActiveCfg = AppStore|iPhone
		{0BE04C97-386C-455F-9591-BD01CD91075C}.AppStore|ARM.ActiveCfg = AppStore|iPhone
		{0BE04C97-386C-455F-9591-BD01CD91075C}.AppStore|iPhone.ActiveCfg = AppStore|iPhone
		{0BE04C97-386C-455F-9591-BD01CD91075C}.AppStore|iPhone.Build.0 = AppStore|iPhone
		{0BE04C97-386C-455F-9591-BD01CD91075C}.AppStore|iPhoneSimulator.ActiveCfg = AppStore|iPhoneSimulator
		{0BE04C97-386C-455F-9591-BD01CD91075C}.AppStore|iPhoneSimulator.Build.0 = AppStore|iPhoneSimulator
		{0BE04C97-386C-455F-9591-BD01CD91075C}.AppStore|x64.ActiveCfg = AppStore|iPhone
		{0BE04C97-386C-455F-9591-BD01CD91075C}.AppStore|x86.ActiveCfg = AppStore|iPhone
		{0BE04C97-386C-455F-9591-BD01CD91075C}.Debug|Any CPU.ActiveCfg = Debug|iPhone
		{0BE04C97-386C-455F-9591-BD01CD91075C}.Debug|ARM.ActiveCfg = Debug|iPhone
		{0BE04C97-386C-455F-9591-BD01CD91075C}.Debug|iPhone.ActiveCfg = Debug|iPhone
		{0BE04C97-386C-455F-9591-BD01CD91075C}.Debug|iPhone.Build.0 = Debug|iPhone
		{0BE04C97-386C-455F-9591-BD01CD91075C}.Debug|iPhoneSimulator.ActiveCfg = Debug|iPhoneSimulator
		{0BE04C97-386C-455F-9591-BD01CD91075C}.Debug|iPhoneSimulator.Build.0 = Debug|iPhoneSimulator
		{0BE04C97-386C-455F-9591-BD01CD91075C}.Debug|x64.ActiveCfg = Debug|iPhone
		{0BE04C97-386C-455F-9591-BD01CD91075C}.Debug|x86.ActiveCfg = Debug|iPhone
		{0BE04C97-386C-455F-9591-BD01CD91075C}.Release|Any CPU.ActiveCfg = Release|iPhone
		{0BE04C97-386C-455F-9591-BD01CD91075C}.Release|ARM.ActiveCfg = Release|iPhone
		{0BE04C97-386C-455F-9591-BD01CD91075C}.Release|iPhone.ActiveCfg = Release|iPhone
		{0BE04C97-386C-455F-9591-BD01CD91075C}.Release|iPhone.Build.0 = Release|iPhone
		{0BE04C97-386C-455F-9591-BD01CD91075C}.Release|iPhoneSimulator.ActiveCfg = Release|iPhoneSimulator
		{0BE04C97-386C-455F-9591-BD01CD91075C}.Release|iPhoneSimulator.Build.0 = Release|iPhoneSimulator
		{0BE04C97-386C-455F-9591-BD01CD91075C}.Release|x64.ActiveCfg = Release|iPhone
		{0BE04C97-386C-455F-9591-BD01CD91075C}.Release|x86.ActiveCfg = Release|iPhone
		{AA6F6F9E-EEA8-4D78-B3D6-AB06A3617F30}.Ad-Hoc|Any CPU.ActiveCfg = Release|x86
		{AA6F6F9E-EEA8-4D78-B3D6-AB06A3617F30}.Ad-Hoc|Any CPU.Build.0 = Release|x86
		{AA6F6F9E-EEA8-4D78-B3D6-AB06A3617F30}.Ad-Hoc|Any CPU.Deploy.0 = Release|x86
		{AA6F6F9E-EEA8-4D78-B3D6-AB06A3617F30}.Ad-Hoc|ARM.ActiveCfg = Release|ARM
		{AA6F6F9E-EEA8-4D78-B3D6-AB06A3617F30}.Ad-Hoc|ARM.Build.0 = Release|ARM
		{AA6F6F9E-EEA8-4D78-B3D6-AB06A3617F30}.Ad-Hoc|ARM.Deploy.0 = Release|ARM
		{AA6F6F9E-EEA8-4D78-B3D6-AB06A3617F30}.Ad-Hoc|iPhone.ActiveCfg = Release|x86
		{AA6F6F9E-EEA8-4D78-B3D6-AB06A3617F30}.Ad-Hoc|iPhone.Build.0 = Release|x86
		{AA6F6F9E-EEA8-4D78-B3D6-AB06A3617F30}.Ad-Hoc|iPhone.Deploy.0 = Release|x86
		{AA6F6F9E-EEA8-4D78-B3D6-AB06A3617F30}.Ad-Hoc|iPhoneSimulator.ActiveCfg = Release|x86
		{AA6F6F9E-EEA8-4D78-B3D6-AB06A3617F30}.Ad-Hoc|iPhoneSimulator.Build.0 = Release|x86
		{AA6F6F9E-EEA8-4D78-B3D6-AB06A3617F30}.Ad-Hoc|iPhoneSimulator.Deploy.0 = Release|x86
		{AA6F6F9E-EEA8-4D78-B3D6-AB06A3617F30}.Ad-Hoc|x64.ActiveCfg = Release|x64
		{AA6F6F9E-EEA8-4D78-B3D6-AB06A3617F30}.Ad-Hoc|x64.Build.0 = Release|x64
		{AA6F6F9E-EEA8-4D78-B3D6-AB06A3617F30}.Ad-Hoc|x64.Deploy.0 = Release|x64
		{AA6F6F9E-EEA8-4D78-B3D6-AB06A3617F30}.Ad-Hoc|x86.ActiveCfg = Release|x86
		{AA6F6F9E-EEA8-4D78-B3D6-AB06A3617F30}.Ad-Hoc|x86.Build.0 = Release|x86
		{AA6F6F9E-EEA8-4D78-B3D6-AB06A3617F30}.Ad-Hoc|x86.Deploy.0 = Release|x86
		{AA6F6F9E-EEA8-4D78-B3D6-AB06A3617F30}.AppStore|Any CPU.ActiveCfg = Release|x86
		{AA6F6F9E-EEA8-4D78-B3D6-AB06A3617F30}.AppStore|Any CPU.Build.0 = Release|x86
		{AA6F6F9E-EEA8-4D78-B3D6-AB06A3617F30}.AppStore|Any CPU.Deploy.0 = Release|x86
		{AA6F6F9E-EEA8-4D78-B3D6-AB06A3617F30}.AppStore|ARM.ActiveCfg = Release|ARM
		{AA6F6F9E-EEA8-4D78-B3D6-AB06A3617F30}.AppStore|ARM.Build.0 = Release|ARM
		{AA6F6F9E-EEA8-4D78-B3D6-AB06A3617F30}.AppStore|ARM.Deploy.0 = Release|ARM
		{AA6F6F9E-EEA8-4D78-B3D6-AB06A3617F30}.AppStore|iPhone.ActiveCfg = Release|x86
		{AA6F6F9E-EEA8-4D78-B3D6-AB06A3617F30}.AppStore|iPhone.Build.0 = Release|x86
		{AA6F6F9E-EEA8-4D78-B3D6-AB06A3617F30}.AppStore|iPhone.Deploy.0 = Release|x86
		{AA6F6F9E-EEA8-4D78-B3D6-AB06A3617F30}.AppStore|iPhoneSimulator.ActiveCfg = Release|x86
		{AA6F6F9E-EEA8-4D78-B3D6-AB06A3617F30}.AppStore|iPhoneSimulator.Build.0 = Release|x86
		{AA6F6F9E-EEA8-4D78-B3D6-AB06A3617F30}.AppStore|iPhoneSimulator.Deploy.0 = Release|x86
		{AA6F6F9E-EEA8-4D78-B3D6-AB06A3617F30}.AppStore|x64.ActiveCfg = Release|x64
		{AA6F6F9E-EEA8-4D78-B3D6-AB06A3617F30}.AppStore|x64.Build.0 = Release|x64
		{AA6F6F9E-EEA8-4D78-B3D6-AB06A3617F30}.AppStore|x64.Deploy.0 = Release|x64
		{AA6F6F9E-EEA8-4D78-B3D6-AB06A3617F30}.AppStore|x86.ActiveCfg = Release|x86
		{AA6F6F9E-EEA8-4D78-B3D6-AB06A3617F30}.AppStore|x86.Build.0 = Release|x86
		{AA6F6F9E-EEA8-4D78-B3D6-AB06A3617F30}.AppStore|x86.Deploy.0 = Release|x86
		{AA6F6F9E-EEA8-4D78-B3D6-AB06A3617F30}.Debug|Any CPU.ActiveCfg = Debug|x86
		{AA6F6F9E-EEA8-4D78-B3D6-AB06A3617F30}.Debug|ARM.ActiveCfg = Debug|ARM
		{AA6F6F9E-EEA8-4D78-B3D6-AB06A3617F30}.Debug|ARM.Build.0 = Debug|ARM
		{AA6F6F9E-EEA8-4D78-B3D6-AB06A3617F30}.Debug|ARM.Deploy.0 = Debug|ARM
		{AA6F6F9E-EEA8-4D78-B3D6-AB06A3617F30}.Debug|iPhone.ActiveCfg = Debug|x86
		{AA6F6F9E-EEA8-4D78-B3D6-AB06A3617F30}.Debug|iPhoneSimulator.ActiveCfg = Debug|x86
		{AA6F6F9E-EEA8-4D78-B3D6-AB06A3617F30}.Debug|x64.ActiveCfg = Debug|x64
		{AA6F6F9E-EEA8-4D78-B3D6-AB06A3617F30}.Debug|x64.Build.0 = Debug|x64
		{AA6F6F9E-EEA8-4D78-B3D6-AB06A3617F30}.Debug|x64.Deploy.0 = Debug|x64
		{AA6F6F9E-EEA8-4D78-B3D6-AB06A3617F30}.Debug|x86.ActiveCfg = Debug|x86
		{AA6F6F9E-EEA8-4D78-B3D6-AB06A3617F30}.Debug|x86.Build.0 = Debug|x86
		{AA6F6F9E-EEA8-4D78-B3D6-AB06A3617F30}.Debug|x86.Deploy.0 = Debug|x86
		{AA6F6F9E-EEA8-4D78-B3D6-AB06A3617F30}.Release|Any CPU.ActiveCfg = Release|x86
		{AA6F6F9E-EEA8-4D78-B3D6-AB06A3617F30}.Release|ARM.ActiveCfg = Release|ARM
		{AA6F6F9E-EEA8-4D78-B3D6-AB06A3617F30}.Release|ARM.Build.0 = Release|ARM
		{AA6F6F9E-EEA8-4D78-B3D6-AB06A3617F30}.Release|ARM.Deploy.0 = Release|ARM
		{AA6F6F9E-EEA8-4D78-B3D6-AB06A3617F30}.Release|iPhone.ActiveCfg = Release|x86
		{AA6F6F9E-EEA8-4D78-B3D6-AB06A3617F30}.Release|iPhoneSimulator.ActiveCfg = Release|x86
		{AA6F6F9E-EEA8-4D78-B3D6-AB06A3617F30}.Release|x64.ActiveCfg = Release|x64
		{AA6F6F9E-EEA8-4D78-B3D6-AB06A3617F30}.Release|x64.Build.0 = Release|x64
		{AA6F6F9E-EEA8-4D78-B3D6-AB06A3617F30}.Release|x64.Deploy.0 = Release|x64
		{AA6F6F9E-EEA8-4D78-B3D6-AB06A3617F30}.Release|x86.ActiveCfg = Release|x86
		{AA6F6F9E-EEA8-4D78-B3D6-AB06A3617F30}.Release|x86.Build.0 = Release|x86
		{AA6F6F9E-EEA8-4D78-B3D6-AB06A3617F30}.Release|x86.Deploy.0 = Release|x86
	EndGlobalSection
	GlobalSection(SolutionProperties) = preSolution
		HideSolutionNode = FALSE
	EndGlobalSection
EndGlobal
